
Microsoft Visual Studio Solution File, Format Version 12.00
# Visual Studio Version 17
VisualStudioVersion = 17.6.33620.401
MinimumVisualStudioVersion = 10.0.40219.1
Project("{FAE04EC0-301F-11D3-BF4B-00C04F79EFBC}") = "WarhauseASP.Server", "WarhauseASP\Server\WarhauseASP.Server.csproj", "{0B078E9F-5B75-4D20-BFD8-D0550E5AD6A2}"
EndProject
Project("{FAE04EC0-301F-11D3-BF4B-00C04F79EFBC}") = "WarhauseASP.Client", "WarhauseASP\Client\WarhauseASP.Client.csproj", "{4BAC7DA3-B7AB-4EC4-94A3-AC6AD67AD907}"
EndProject
Project("{FAE04EC0-301F-11D3-BF4B-00C04F79EFBC}") = "WarhauseASP.Shared", "WarhauseASP\Shared\WarhauseASP.Shared.csproj", "{626B3649-891B-4DA7-B334-0DC4BAC49ED3}"
EndProject
Global
	GlobalSection(SolutionConfigurationPlatforms) = preSolution
		Debug|Any CPU = Debug|Any CPU
		Release|Any CPU = Release|Any CPU
	EndGlobalSection
	GlobalSection(ProjectConfigurationPlatforms) = postSolution
		{0B078E9F-5B75-4D20-BFD8-D0550E5AD6A2}.Debug|Any CPU.ActiveCfg = Debug|Any CPU
		{0B078E9F-5B75-4D20-BFD8-D0550E5AD6A2}.Debug|Any CPU.Build.0 = Debug|Any CPU
		{0B078E9F-5B75-4D20-BFD8-D0550E5AD6A2}.Release|Any CPU.ActiveCfg = Release|Any CPU
		{0B078E9F-5B75-4D20-BFD8-D0550E5AD6A2}.Release|Any CPU.Build.0 = Release|Any CPU
		{4BAC7DA3-B7AB-4EC4-94A3-AC6AD67AD907}.Debug|Any CPU.ActiveCfg = Debug|Any CPU
		{4BAC7DA3-B7AB-4EC4-94A3-AC6AD67AD907}.Debug|Any CPU.Build.0 = Debug|Any CPU
		{4BAC7DA3-B7AB-4EC4-94A3-AC6AD67AD907}.Release|Any CPU.ActiveCfg = Release|Any CPU
		{4BAC7DA3-B7AB-4EC4-94A3-AC6AD67AD907}.Release|Any CPU.Build.0 = Release|Any CPU
		{626B3649-891B-4DA7-B334-0DC4BAC49ED3}.Debug|Any CPU.ActiveCfg = Debug|Any CPU
		{626B3649-891B-4DA7-B334-0DC4BAC49ED3}.Debug|Any CPU.Build.0 = Debug|Any CPU
		{626B3649-891B-4DA7-B334-0DC4BAC49ED3}.Release|Any CPU.ActiveCfg = Release|Any CPU
		{626B3649-891B-4DA7-B334-0DC4BAC49ED3}.Release|Any CPU.Build.0 = Release|Any CPU
	EndGlobalSection
	GlobalSection(SolutionProperties) = preSolution
		HideSolutionNode = FALSE
	EndGlobalSection
	GlobalSection(ExtensibilityGlobals) = postSolution
		SolutionGuid = {10B5B7AE-DDC8-402D-9C49-76CE468B043C}
	EndGlobalSection
EndGlobal
